
Microsoft Visual Studio Solution File, Format Version 12.00
# Visual Studio Version 16
VisualStudioVersion = 16.0.29609.76
MinimumVisualStudioVersion = 10.0.40219.1
Project("{FAE04EC0-301F-11D3-BF4B-00C04F79EFBC}") = "OnBoard", "OnBoard\OnBoard.csproj", "{4672FB2A-349D-4556-ADD6-1BBEF733D5CB}"
EndProject
Global
	GlobalSection(SolutionConfigurationPlatforms) = preSolution
		Debug|Any CPU = Debug|Any CPU
		Release|Any CPU = Release|Any CPU
	EndGlobalSection
	GlobalSection(ProjectConfigurationPlatforms) = postSolution
		{4672FB2A-349D-4556-ADD6-1BBEF733D5CB}.Debug|Any CPU.ActiveCfg = Debug|Any CPU
		{4672FB2A-349D-4556-ADD6-1BBEF733D5CB}.Debug|Any CPU.Build.0 = Debug|Any CPU
		{4672FB2A-349D-4556-ADD6-1BBEF733D5CB}.Release|Any CPU.ActiveCfg = Release|Any CPU
		{4672FB2A-349D-4556-ADD6-1BBEF733D5CB}.Release|Any CPU.Build.0 = Release|Any CPU
	EndGlobalSection
	GlobalSection(SolutionProperties) = preSolution
		HideSolutionNode = FALSE
	EndGlobalSection
	GlobalSection(ExtensibilityGlobals) = postSolution
		SolutionGuid = {6BA025D7-4475-44D9-BAD7-BBE2DBBB4F20}
	EndGlobalSection
EndGlobal
